
Microsoft Visual Studio Solution File, Format Version 12.00
# Visual Studio Version 16
VisualStudioVersion = 16.0.30011.22
MinimumVisualStudioVersion = 10.0.40219.1
Project("{FAE04EC0-301F-11D3-BF4B-00C04F79EFBC}") = "MazeGenerator", "MazeGenerator\MazeGenerator.csproj", "{086C231F-811A-4C9A-BAFC-193CACF95967}"
EndProject
Project("{FAE04EC0-301F-11D3-BF4B-00C04F79EFBC}") = "MazeTesting", "MazeTesting\MazeTesting.csproj", "{A8A8617F-DBEF-4FB4-9796-D44650CCED49}"
EndProject
Global
	GlobalSection(SolutionConfigurationPlatforms) = preSolution
		Debug|Any CPU = Debug|Any CPU
		Release|Any CPU = Release|Any CPU
	EndGlobalSection
	GlobalSection(ProjectConfigurationPlatforms) = postSolution
		{086C231F-811A-4C9A-BAFC-193CACF95967}.Debug|Any CPU.ActiveCfg = Debug|Any CPU
		{086C231F-811A-4C9A-BAFC-193CACF95967}.Debug|Any CPU.Build.0 = Debug|Any CPU
		{086C231F-811A-4C9A-BAFC-193CACF95967}.Release|Any CPU.ActiveCfg = Release|Any CPU
		{086C231F-811A-4C9A-BAFC-193CACF95967}.Release|Any CPU.Build.0 = Release|Any CPU
		{A8A8617F-DBEF-4FB4-9796-D44650CCED49}.Debug|Any CPU.ActiveCfg = Debug|Any CPU
		{A8A8617F-DBEF-4FB4-9796-D44650CCED49}.Debug|Any CPU.Build.0 = Debug|Any CPU
		{A8A8617F-DBEF-4FB4-9796-D44650CCED49}.Release|Any CPU.ActiveCfg = Release|Any CPU
		{A8A8617F-DBEF-4FB4-9796-D44650CCED49}.Release|Any CPU.Build.0 = Release|Any CPU
	EndGlobalSection
	GlobalSection(SolutionProperties) = preSolution
		HideSolutionNode = FALSE
	EndGlobalSection
	GlobalSection(ExtensibilityGlobals) = postSolution
		SolutionGuid = {26EB78A0-5BFF-4FE4-870A-26F12EC3C58D}
	EndGlobalSection
EndGlobal
